
Microsoft Visual Studio Solution File, Format Version 12.00
# Visual Studio Version 16
VisualStudioVersion = 16.0.29025.244
MinimumVisualStudioVersion = 10.0.40219.1
Project("{FAE04EC0-301F-11D3-BF4B-00C04F79EFBC}") = "isTakibiWeb", "isTakibiWeb\isTakibiWeb.csproj", "{536A4481-20B6-417D-8CCE-687EE786219E}"
EndProject
Global
	GlobalSection(SolutionConfigurationPlatforms) = preSolution
		Debug|Any CPU = Debug|Any CPU
		Release|Any CPU = Release|Any CPU
	EndGlobalSection
	GlobalSection(ProjectConfigurationPlatforms) = postSolution
		{536A4481-20B6-417D-8CCE-687EE786219E}.Debug|Any CPU.ActiveCfg = Debug|Any CPU
		{536A4481-20B6-417D-8CCE-687EE786219E}.Debug|Any CPU.Build.0 = Debug|Any CPU
		{536A4481-20B6-417D-8CCE-687EE786219E}.Release|Any CPU.ActiveCfg = Release|Any CPU
		{536A4481-20B6-417D-8CCE-687EE786219E}.Release|Any CPU.Build.0 = Release|Any CPU
	EndGlobalSection
	GlobalSection(SolutionProperties) = preSolution
		HideSolutionNode = FALSE
	EndGlobalSection
	GlobalSection(ExtensibilityGlobals) = postSolution
		SolutionGuid = {AE0355BB-4130-4E2C-9F7B-89EE888E5908}
	EndGlobalSection
EndGlobal
